
Microsoft Visual Studio Solution File, Format Version 12.00
# Visual Studio Version 17
VisualStudioVersion = 17.11.35312.102
MinimumVisualStudioVersion = 10.0.40219.1
Project("{FAE04EC0-301F-11D3-BF4B-00C04F79EFBC}") = "FSAsolutions", "FSAsolutions\FSAsolutions.csproj", "{5248563B-0353-485B-AFF1-273433D5D230}"
EndProject
Global
	GlobalSection(SolutionConfigurationPlatforms) = preSolution
		Debug|Any CPU = Debug|Any CPU
		Release|Any CPU = Release|Any CPU
	EndGlobalSection
	GlobalSection(ProjectConfigurationPlatforms) = postSolution
		{5248563B-0353-485B-AFF1-273433D5D230}.Debug|Any CPU.ActiveCfg = Debug|Any CPU
		{5248563B-0353-485B-AFF1-273433D5D230}.Debug|Any CPU.Build.0 = Debug|Any CPU
		{5248563B-0353-485B-AFF1-273433D5D230}.Release|Any CPU.ActiveCfg = Release|Any CPU
		{5248563B-0353-485B-AFF1-273433D5D230}.Release|Any CPU.Build.0 = Release|Any CPU
	EndGlobalSection
	GlobalSection(SolutionProperties) = preSolution
		HideSolutionNode = FALSE
	EndGlobalSection
	GlobalSection(ExtensibilityGlobals) = postSolution
		SolutionGuid = {4453B299-444A-43C4-AED5-8CC41A91E0EB}
	EndGlobalSection
EndGlobal
